Microsoft Visual Studio Solution File, Format Version 12.00
# Visual Studio 14
VisualStudioVersion = 14.0.25420.1
MinimumVisualStudioVersion = 10.0.40219.1
Project("{2150E333-8FDC-42A3-9474-1A3956D46DE8}") = "project", "project", "{BF60BC93-E09B-4E5F-9D85-95A519479D54}"
	ProjectSection(SolutionItems) = preProject
		.editorconfig = .editorconfig
		.gitattributes = .gitattributes
		.gitignore = .gitignore
		build.js = build.js
		package.json = package.json
		README.md = README.md
		RELEASE_NOTES.md = RELEASE_NOTES.md
	EndProjectSection
EndProject
Project("{F2A71F9B-5D33-465A-A702-920D77279786}") = "PixiTraining", "src\PixiTraining\PixiTraining.fsproj", "{4238B1A8-87FF-4240-B034-CFB4A7D1E4E5}"
EndProject
Project("{F2A71F9B-5D33-465A-A702-920D77279786}") = "Launcher", "src\Launcher\Launcher.fsproj", "{7380BC35-7406-44F9-9183-50CB2AF2F7BD}"
EndProject
Project("{2150E333-8FDC-42A3-9474-1A3956D46DE8}") = "baseApp", "baseApp", "{A13FF7F5-FA64-44CD-B384-E9DD61CF0065}"
	ProjectSection(SolutionItems) = preProject
		baseApp\index.html = baseApp\index.html
	EndProjectSection
EndProject
Global
	GlobalSection(SolutionConfigurationPlatforms) = preSolution
		Debug|Any CPU = Debug|Any CPU
		Release|Any CPU = Release|Any CPU
	EndGlobalSection
	GlobalSection(ProjectConfigurationPlatforms) = postSolution
		{4238B1A8-87FF-4240-B034-CFB4A7D1E4E5}.Debug|Any CPU.ActiveCfg = Debug|Any CPU
		{4238B1A8-87FF-4240-B034-CFB4A7D1E4E5}.Debug|Any CPU.Build.0 = Debug|Any CPU
		{4238B1A8-87FF-4240-B034-CFB4A7D1E4E5}.Release|Any CPU.ActiveCfg = Release|Any CPU
		{4238B1A8-87FF-4240-B034-CFB4A7D1E4E5}.Release|Any CPU.Build.0 = Release|Any CPU
		{7380BC35-7406-44F9-9183-50CB2AF2F7BD}.Debug|Any CPU.ActiveCfg = Debug|Any CPU
		{7380BC35-7406-44F9-9183-50CB2AF2F7BD}.Debug|Any CPU.Build.0 = Debug|Any CPU
		{7380BC35-7406-44F9-9183-50CB2AF2F7BD}.Release|Any CPU.ActiveCfg = Release|Any CPU
		{7380BC35-7406-44F9-9183-50CB2AF2F7BD}.Release|Any CPU.Build.0 = Release|Any CPU
	EndGlobalSection
	GlobalSection(SolutionProperties) = preSolution
		HideSolutionNode = FALSE
	EndGlobalSection
EndGlobal
